{
  "name": "real-home",
  "lockfileVersion": 3,
  "requires": true,
  "packages": {
    "": {
      "dependencies": {
        "disable-devtool": "^0.3.9"
      }
    },
    "node_modules/disable-devtool": {
      "version": "0.3.9",
      "resolved": "https://mirrors.huaweicloud.com/repository/npm/disable-devtool/-/disable-devtool-0.3.9.tgz",
      "integrity": "sha512-WHCpC8f93Cn2DnTeaq57NFLcdw4921sovh1ammnp/2o8Snb704HK/Vw1/D2D1Pihc0zc8/mVKb5nchHtoadObQ==",
      "license": "MIT"
    }
  }
}
